
Microsoft Visual Studio Solution File, Format Version 11.00
# Visual Studio 2010
Project("{FAE04EC0-301F-11D3-BF4B-00C04F79EFBC}") = "MARC.IHE.Xds", "MARC.IHE.Xds\MARC.IHE.Xds.csproj", "{AC57BB64-287A-4999-810B-11A49D8C7FF5}"
EndProject
Global
	GlobalSection(SolutionConfigurationPlatforms) = preSolution
		Debug|Any CPU = Debug|Any CPU
		Release|Any CPU = Release|Any CPU
	EndGlobalSection
	GlobalSection(ProjectConfigurationPlatforms) = postSolution
		{AC57BB64-287A-4999-810B-11A49D8C7FF5}.Debug|Any CPU.ActiveCfg = Debug|Any CPU
		{AC57BB64-287A-4999-810B-11A49D8C7FF5}.Debug|Any CPU.Build.0 = Debug|Any CPU
		{AC57BB64-287A-4999-810B-11A49D8C7FF5}.Release|Any CPU.ActiveCfg = Release|Any CPU
		{AC57BB64-287A-4999-810B-11A49D8C7FF5}.Release|Any CPU.Build.0 = Release|Any CPU
	EndGlobalSection
	GlobalSection(SolutionProperties) = preSolution
		HideSolutionNode = FALSE
	EndGlobalSection
	GlobalSection(ExtensibilityGlobals) = postSolution
		VisualSVNWorkingCopyRoot = .
	EndGlobalSection
EndGlobal
